// !$*UTF8*$!
{
	archiveVersion = 1;
	classes = {
	};
	objectVersion = 48;
	objects = {

/* Begin PBXBuildFile section */
		4201BE9A1EEFBEFD00C6CA0A /* AppDelegate.m in Sources */ = {isa = PBXBuildFile; fileRef = 4201BE991EEFBEFD00C6CA0A /* AppDelegate.m */; };
		4201BE9D1EEFBEFD00C6CA0A /* ViewController.m in Sources */ = {isa = PBXBuildFile; fileRef = 4201BE9C1EEFBEFD00C6CA0A /* ViewController.m */; };
		4201BEA01EEFBEFD00C6CA0A /* Main.storyboard in Resources */ = {isa = PBXBuildFile; fileRef = 4201BE9E1EEFBEFD00C6CA0A /* Main.storyboard */; };
		4201BEA21EEFBEFD00C6CA0A /* Assets.xcassets in Resources */ = {isa = PBXBuildFile; fileRef = 4201BEA11EEFBEFD00C6CA0A /* Assets.xcassets */; };
		4201BEA51EEFBEFD00C6CA0A /* LaunchScreen.storyboard in Resources */ = {isa = PBXBuildFile; fileRef = 4201BEA31EEFBEFD00C6CA0A /* LaunchScreen.storyboard */; };
		4201BEA81EEFBEFD00C6CA0A /* main.m in Sources */ = {isa = PBXBuildFile; fileRef = 4201BEA71EEFBEFD00C6CA0A /* main.m */; };
/* End PBXBuildFile section */

/* Begin PBXFileReference section */
		4201BE951EEFBEFD00C6CA0A /* Core NFC Example.app */ = {isa = PBXFileReference; explicitFileType = wrapper.application; includeInIndex = 0; path = "Core NFC Example.app"; sourceTree = BUILT_PRODUCTS_DIR; };
		4201BE981EEFBEFD00C6CA0A /* AppDelegate.h */ = {isa = PBXFileReference; lastKnownFileType = sourcecode.c.h; path = AppDelegate.h; sourceTree = "<group>"; };
		4201BE991EEFBEFD00C6CA0A /* AppDelegate.m */ = {isa = PBXFileReference; lastKnownFileType = sourcecode.c.objc; path = AppDelegate.m; sourceTree = "<group>"; };
		4201BE9B1EEFBEFD00C6CA0A /* ViewController.h */ = {isa = PBXFileReference; lastKnownFileType = sourcecode.c.h; path = ViewController.h; sourceTree = "<group>"; };
		4201BE9C1EEFBEFD00C6CA0A /* ViewController.m */ = {isa = PBXFileReference; lastKnownFileType = sourcecode.c.objc; path = ViewController.m; sourceTree = "<group>"; };
		4201BE9F1EEFBEFD00C6CA0A /* Base */ = {isa = PBXFileReference; lastKnownFileType = file.storyboard; name = Base; path = Base.lproj/Main.storyboard; sourceTree = "<group>"; };
		4201BEA11EEFBEFD00C6CA0A /* Assets.xcassets */ = {isa = PBXFileReference; lastKnownFileType = folder.assetcatalog; path = Assets.xcassets; sourceTree = "<group>"; };
		4201BEA41EEFBEFD00C6CA0A /* Base */ = {isa = PBXFileReference; lastKnownFileType = file.storyboard; name = Base; path = Base.lproj/LaunchScreen.storyboard; sourceTree = "<group>"; };
		4201BEA61EEFBEFD00C6CA0A /* Info.plist */ = {isa = PBXFileReference; lastKnownFileType = text.plist.xml; path = Info.plist; sourceTree = "<group>"; };
		4201BEA71EEFBEFD00C6CA0A /* main.m */ = {isa = PBXFileReference; lastKnownFileType = sourcecode.c.objc; path = main.m; sourceTree = "<group>"; };
/* End PBXFileReference section */

/* Begin PBXFrameworksBuildPhase section */
		4201BE921EEFBEFD00C6CA0A /* Frameworks */ = {
			isa = PBXFrameworksBuildPhase;
			buildActionMask = 2147483647;
			files = (
			);
			runOnlyForDeploymentPostprocessing = 0;
		};
/* End PBXFrameworksBuildPhase section */

/* Begin PBXGroup section */
		4201BE8C1EEFBEFD00C6CA0A = {
			isa = PBXGroup;
			children = (
				4201BE971EEFBEFD00C6CA0A /* Core NFC Example */,
				4201BE961EEFBEFD00C6CA0A /* Products */,
			);
			sourceTree = "<group>";
		};
		4201BE961EEFBEFD00C6CA0A /* Products */ = {
			isa = PBXGroup;
			children = (
				4201BE951EEFBEFD00C6CA0A /* Core NFC Example.app */,
			);
			name = Products;
			sourceTree = "<group>";
		};
		4201BE971EEFBEFD00C6CA0A /* Core NFC Example */ = {
			isa = PBXGroup;
			children = (
				4201BE981EEFBEFD00C6CA0A /* AppDelegate.h */,
				4201BE991EEFBEFD00C6CA0A /* AppDelegate.m */,
				4201BE9B1EEFBEFD00C6CA0A /* ViewController.h */,
				4201BE9C1EEFBEFD00C6CA0A /* ViewController.m */,
				4201BE9E1EEFBEFD00C6CA0A /* Main.storyboard */,
				4201BEA11EEFBEFD00C6CA0A /* Assets.xcassets */,
				4201BEA31EEFBEFD00C6CA0A /* LaunchScreen.storyboard */,
				4201BEA61EEFBEFD00C6CA0A /* Info.plist */,
				4201BEA71EEFBEFD00C6CA0A /* main.m */,
			);
			path = "Core NFC Example";
			sourceTree = "<group>";
		};
/* End PBXGroup section */

/* Begin PBXNativeTarget section */
		4201BE941EEFBEFD00C6CA0A /* Core NFC Example */ = {
			isa = PBXNativeTarget;
			buildConfigurationList = 4201BEAB1EEFBEFD00C6CA0A /* Build configuration list for PBXNativeTarget "Core NFC Example" */;
			buildPhases = (
				4201BE911EEFBEFD00C6CA0A /* Sources */,
				4201BE921EEFBEFD00C6CA0A /* Frameworks */,
				4201BE931EEFBEFD00C6CA0A /* Resources */,
			);
			buildRules = (
			);
			dependencies = (
			);
			name = "Core NFC Example";
			productName = "Core NFC Example";
			productReference = 4201BE951EEFBEFD00C6CA0A /* Core NFC Example.app */;
			productType = "com.apple.product-type.application";
		};
/* End PBXNativeTarget section */

/* Begin PBXProject section */
		4201BE8D1EEFBEFD00C6CA0A /* Project object */ = {
			isa = PBXProject;
			attributes = {
				LastUpgradeCheck = 0900;
				ORGANIZATIONNAME = "Zhi-Wei Cai";
				TargetAttributes = {
					4201BE941EEFBEFD00C6CA0A = {
						CreatedOnToolsVersion = 9.0;
					};
				};
			};
			buildConfigurationList = 4201BE901EEFBEFD00C6CA0A /* Build configuration list for PBXProject "Core NFC Example" */;
			compatibilityVersion = "Xcode 8.0";
			developmentRegion = en;
			hasScannedForEncodings = 0;
			knownRegions = (
				en,
				Base,
			);
			mainGroup = 4201BE8C1EEFBEFD00C6CA0A;
			productRefGroup = 4201BE961EEFBEFD00C6CA0A /* Products */;
			projectDirPath = "";
			projectRoot = "";
			targets = (
				4201BE941EEFBEFD00C6CA0A /* Core NFC Example */,
			);
		};
/* End PBXProject section */

/* Begin PBXResourcesBuildPhase section */
		4201BE931EEFBEFD00C6CA0A /* Resources */ = {
			isa = PBXResourcesBuildPhase;
			buildActionMask = 2147483647;
			files = (
				4201BEA51EEFBEFD00C6CA0A /* LaunchScreen.storyboard in Resources */,
				4201BEA21EEFBEFD00C6CA0A /* Assets.xcassets in Resources */,
				4201BEA01EEFBEFD00C6CA0A /* Main.storyboard in Resources */,
			);
			runOnlyForDeploymentPostprocessing = 0;
		};
/* End PBXResourcesBuildPhase section */

/* Begin PBXSourcesBuildPhase section */
		4201BE911EEFBEFD00C6CA0A /* Sources */ = {
			isa = PBXSourcesBuildPhase;
			buildActionMask = 2147483647;
			files = (
				4201BE9D1EEFBEFD00C6CA0A /* ViewController.m in Sources */,
				4201BEA81EEFBEFD00C6CA0A /* main.m in Sources */,
				4201BE9A1EEFBEFD00C6CA0A /* AppDelegate.m in Sources */,
			);
			runOnlyForDeploymentPostprocessing = 0;
		};
/* End PBXSourcesBuildPhase section */

/* Begin PBXVariantGroup section */
		4201BE9E1EEFBEFD00C6CA0A /* Main.storyboard */ = {
			isa = PBXVariantGroup;
			children = (
				4201BE9F1EEFBEFD00C6CA0A /* Base */,
			);
			name = Main.storyboard;
			sourceTree = "<group>";
		};
		4201BEA31EEFBEFD00C6CA0A /* LaunchScreen.storyboard */ = {
			isa = PBXVariantGroup;
			children = (
				4201BEA41EEFBEFD00C6CA0A /* Base */,
			);
			name = LaunchScreen.storyboard;
			sourceTree = "<group>";
		};
/* End PBXVariantGroup section */

/* Begin XCBuildConfiguration section */
		4201BEA91EEFBEFD00C6CA0A /* Debug */ = {
			isa = XCBuildConfiguration;
			buildSettings = {
				ALWAYS_SEARCH_USER_PATHS = NO;
				CLANG_ANALYZER_NONNULL = YES;
				CLANG_ANALYZER_NUMBER_OBJECT_CONVERSION = YES_AGGRESSIVE;
				CLANG_CXX_LANGUAGE_STANDARD = "gnu++14";
				CLANG_CXX_LIBRARY = "libc++";
				CLANG_ENABLE_MODULES = YES;
				CLANG_ENABLE_OBJC_ARC = YES;
				CLANG_WARN_BLOCK_CAPTURE_AUTORELEASING = YES;
				CLANG_WARN_BOOL_CONVERSION = YES;
				CLANG_WARN_COMMA = YES;
				CLANG_WARN_CONSTANT_CONVERSION = YES;
				CLANG_WARN_DIRECT_OBJC_ISA_USAGE = YES_ERROR;
				CLANG_WARN_DOCUMENTATION_COMMENTS = YES;
				CLANG_WARN_EMPTY_BODY = YES;
				CLANG_WARN_ENUM_CONVERSION = YES;
				CLANG_WARN_INFINITE_RECURSION = YES;
				CLANG_WARN_INT_CONVERSION = YES;
				CLANG_WARN_OBJC_ROOT_CLASS = YES_ERROR;
				CLANG_WARN_RANGE_LOOP_ANALYSIS = YES;
				CLANG_WARN_STRICT_PROTOTYPES = YES;
				CLANG_WARN_SUSPICIOUS_MOVE = YES;
				CLANG_WARN_UNGUARDED_AVAILABILITY = YES_AGGRESSIVE;
				CLANG_WARN_UNREACHABLE_CODE = YES;
				CLANG_WARN__DUPLICATE_METHOD_MATCH = YES;
				CODE_SIGN_IDENTITY = "iPhone Developer";
				COPY_PHASE_STRIP = NO;
				DEBUG_INFORMATION_FORMAT = dwarf;
				ENABLE_STRICT_OBJC_MSGSEND = YES;
				ENABLE_TESTABILITY = YES;
				GCC_C_LANGUAGE_STANDARD = gnu11;
				GCC_DYNAMIC_NO_PIC = NO;
				GCC_NO_COMMON_BLOCKS = YES;
				GCC_OPTIMIZATION_LEVEL = 0;
				GCC_PREPROCESSOR_DEFINITIONS = (
					"DEBUG=1",
					"$(inherited)",
				);
				GCC_WARN_64_TO_32_BIT_CONVERSION = YES;
				GCC_WARN_ABOUT_RETURN_TYPE = YES_ERROR;
				GCC_WARN_UNDECLARED_SELECTOR = YES;
				GCC_WARN_UNINITIALIZED_AUTOS = YES_AGGRESSIVE;
				GCC_WARN_UNUSED_FUNCTION = YES;
				GCC_WARN_UNUSED_VARIABLE = YES;
				IPHONEOS_DEPLOYMENT_TARGET = 11.0;
				MTL_ENABLE_DEBUG_INFO = YES;
				ONLY_ACTIVE_ARCH = YES;
				SDKROOT = iphoneos;
			};
			name = Debug;
		};
		4201BEAA1EEFBEFD00C6CA0A /* Release */ = {
			isa = XCBuildConfiguration;
			buildSettings = {
				ALWAYS_SEARCH_USER_PATHS = NO;
				CLANG_ANALYZER_NONNULL = YES;
				CLANG_ANALYZER_NUMBER_OBJECT_CONVERSION = YES_AGGRESSIVE;
				CLANG_CXX_LANGUAGE_STANDARD = "gnu++14";
				CLANG_CXX_LIBRARY = "libc++";
				CLANG_ENABLE_MODULES = YES;
				CLANG_ENABLE_OBJC_ARC = YES;
				CLANG_WARN_BLOCK_CAPTURE_AUTORELEASING = YES;
				CLANG_WARN_BOOL_CONVERSION = YES;
				CLANG_WARN_COMMA = YES;
				CLANG_WARN_CONSTANT_CONVERSION = YES;
				CLANG_WARN_DIRECT_OBJC_ISA_USAGE = YES_ERROR;
				CLANG_WARN_DOCUMENTATION_COMMENTS = YES;
				CLANG_WARN_EMPTY_BODY = YES;
				CLANG_WARN_ENUM_CONVERSION = YES;
				CLANG_WARN_INFINITE_RECURSION = YES;
				CLANG_WARN_INT_CONVERSION = YES;
				CLANG_WARN_OBJC_ROOT_CLASS = YES_ERROR;
				CLANG_WARN_RANGE_LOOP_ANALYSIS = YES;
				CLANG_WARN_STRICT_PROTOTYPES = YES;
				CLANG_WARN_SUSPICIOUS_MOVE = YES;
				CLANG_WARN_UNGUARDED_AVAILABILITY = YES_AGGRESSIVE;
				CLANG_WARN_UNREACHABLE_CODE = YES;
				CLANG_WARN__DUPLICATE_METHOD_MATCH = YES;
				CODE_SIGN_IDENTITY = "iPhone Developer";
				COPY_PHASE_STRIP = NO;
				DEBUG_INFORMATION_FORMAT = "dwarf-with-dsym";
				ENABLE_NS_ASSERTIONS = NO;
				ENABLE_STRICT_OBJC_MSGSEND = YES;
				GCC_C_LANGUAGE_STANDARD = gnu11;
				GCC_NO_COMMON_BLOCKS = YES;
				GCC_WARN_64_TO_32_BIT_CONVERSION = YES;
				GCC_WARN_ABOUT_RETURN_TYPE = YES_ERROR;
				GCC_WARN_UNDECLARED_SELECTOR = YES;
				GCC_WARN_UNINITIALIZED_AUTOS = YES_AGGRESSIVE;
				GCC_WARN_UNUSED_FUNCTION = YES;
				GCC_WARN_UNUSED_VARIABLE = YES;
				IPHONEOS_DEPLOYMENT_TARGET = 11.0;
				MTL_ENABLE_DEBUG_INFO = NO;
				SDKROOT = iphoneos;
				VALIDATE_PRODUCT = YES;
			};
			name = Release;
		};
		4201BEAC1EEFBEFD00C6CA0A /* Debug */ = {
			isa = XCBuildConfiguration;
			buildSettings = {
				ASSETCATALOG_COMPILER_APPICON_NAME = AppIcon;
				DEVELOPMENT_TEAM = 928652TY3Y;
				INFOPLIST_FILE = "Core NFC Example/Info.plist";
				LD_RUNPATH_SEARCH_PATHS = "$(inherited) @executable_path/Frameworks";
				PRODUCT_BUNDLE_IDENTIFIER = "vg.vox.Core-NFC-Example";
				PRODUCT_NAME = "$(TARGET_NAME)";
				TARGETED_DEVICE_FAMILY = "1,2";
			};
			name = Debug;
		};
		4201BEAD1EEFBEFD00C6CA0A /* Release */ = {
			isa = XCBuildConfiguration;
			buildSettings = {
				ASSETCATALOG_COMPILER_APPICON_NAME = AppIcon;
				DEVELOPMENT_TEAM = 928652TY3Y;
				INFOPLIST_FILE = "Core NFC Example/Info.plist";
				LD_RUNPATH_SEARCH_PATHS = "$(inherited) @executable_path/Frameworks";
				PRODUCT_BUNDLE_IDENTIFIER = "vg.vox.Core-NFC-Example";
				PRODUCT_NAME = "$(TARGET_NAME)";
				TARGETED_DEVICE_FAMILY = "1,2";
			};
			name = Release;
		};
/* End XCBuildConfiguration section */

/* Begin XCConfigurationList section */
		4201BE901EEFBEFD00C6CA0A /* Build configuration list for PBXProject "Core NFC Example" */ = {
			isa = XCConfigurationList;
			buildConfigurations = (
				4201BEA91EEFBEFD00C6CA0A /* Debug */,
				4201BEAA1EEFBEFD00C6CA0A /* Release */,
			);
			defaultConfigurationIsVisible = 0;
			defaultConfigurationName = Release;
		};
		4201BEAB1EEFBEFD00C6CA0A /* Build configuration list for PBXNativeTarget "Core NFC Example" */ = {
			isa = XCConfigurationList;
			buildConfigurations = (
				4201BEAC1EEFBEFD00C6CA0A /* Debug */,
				4201BEAD1EEFBEFD00C6CA0A /* Release */,
			);
			defaultConfigurationIsVisible = 0;
		};
/* End XCConfigurationList section */
	};
	rootObject = 4201BE8D1EEFBEFD00C6CA0A /* Project object */;
}
